
Microsoft Visual Studio Solution File, Format Version 12.00
# Visual Studio 14
VisualStudioVersion = 14.0.25123.0
MinimumVisualStudioVersion = 10.0.40219.1
Project("{FAE04EC0-301F-11D3-BF4B-00C04F79EFBC}") = "MusicRecognition", "MusicRecognition\MusicRecognition.csproj", "{EEBFD5EF-24F7-465B-BA01-0118F1936359}"
EndProject
Project("{FAE04EC0-301F-11D3-BF4B-00C04F79EFBC}") = "TestingMethods", "TestingMethods\TestingMethods.csproj", "{742AB50B-19D6-4942-92C4-567DB55F47E4}"
EndProject
Project("{FAE04EC0-301F-11D3-BF4B-00C04F79EFBC}") = "UnitTestProject1", "UnitTestProject1\UnitTestProject1.csproj", "{C0FB2B68-F837-42C4-9D59-05FD72CF046B}"
EndProject
Global
	GlobalSection(SolutionConfigurationPlatforms) = preSolution
		Debug|Any CPU = Debug|Any CPU
		Release|Any CPU = Release|Any CPU
	EndGlobalSection
	GlobalSection(ProjectConfigurationPlatforms) = postSolution
		{EEBFD5EF-24F7-465B-BA01-0118F1936359}.Debug|Any CPU.ActiveCfg = Debug|Any CPU
		{EEBFD5EF-24F7-465B-BA01-0118F1936359}.Debug|Any CPU.Build.0 = Debug|Any CPU
		{EEBFD5EF-24F7-465B-BA01-0118F1936359}.Release|Any CPU.ActiveCfg = Release|Any CPU
		{EEBFD5EF-24F7-465B-BA01-0118F1936359}.Release|Any CPU.Build.0 = Release|Any CPU
		{742AB50B-19D6-4942-92C4-567DB55F47E4}.Debug|Any CPU.ActiveCfg = Debug|Any CPU
		{742AB50B-19D6-4942-92C4-567DB55F47E4}.Debug|Any CPU.Build.0 = Debug|Any CPU
		{742AB50B-19D6-4942-92C4-567DB55F47E4}.Release|Any CPU.ActiveCfg = Release|Any CPU
		{742AB50B-19D6-4942-92C4-567DB55F47E4}.Release|Any CPU.Build.0 = Release|Any CPU
		{C0FB2B68-F837-42C4-9D59-05FD72CF046B}.Debug|Any CPU.ActiveCfg = Debug|Any CPU
		{C0FB2B68-F837-42C4-9D59-05FD72CF046B}.Debug|Any CPU.Build.0 = Debug|Any CPU
		{C0FB2B68-F837-42C4-9D59-05FD72CF046B}.Release|Any CPU.ActiveCfg = Release|Any CPU
		{C0FB2B68-F837-42C4-9D59-05FD72CF046B}.Release|Any CPU.Build.0 = Release|Any CPU
	EndGlobalSection
	GlobalSection(SolutionProperties) = preSolution
		HideSolutionNode = FALSE
	EndGlobalSection
EndGlobal
